// !$*UTF8*$!
{
	archiveVersion = 1;
	classes = {
	};
	objectVersion = 55;
	objects = {

/* Begin PBXBuildFile section */
		ED97BF8D2CAB554F008E0A68 /* AppDelegate.swift in Sources */ = {isa = PBXBuildFile; fileRef = ED97BF8C2CAB554F008E0A68 /* AppDelegate.swift */; };
		ED97BF8F2CAB554F008E0A68 /* SceneDelegate.swift in Sources */ = {isa = PBXBuildFile; fileRef = ED97BF8E2CAB554F008E0A68 /* SceneDelegate.swift */; };
		ED97BF912CAB554F008E0A68 /* ViewController.swift in Sources */ = {isa = PBXBuildFile; fileRef = ED97BF902CAB554F008E0A68 /* ViewController.swift */; };
		ED97BF942CAB554F008E0A68 /* Main.storyboard in Resources */ = {isa = PBXBuildFile; fileRef = ED97BF922CAB554F008E0A68 /* Main.storyboard */; };
		ED97BF972CAB554F008E0A68 /* ChuchulloColeccionDeJuegos.xcdatamodeld in Sources */ = {isa = PBXBuildFile; fileRef = ED97BF952CAB554F008E0A68 /* ChuchulloColeccionDeJuegos.xcdatamodeld */; };
		ED97BF992CAB5555008E0A68 /* Assets.xcassets in Resources */ = {isa = PBXBuildFile; fileRef = ED97BF982CAB5555008E0A68 /* Assets.xcassets */; };
		ED97BF9C2CAB5555008E0A68 /* LaunchScreen.storyboard in Resources */ = {isa = PBXBuildFile; fileRef = ED97BF9A2CAB5555008E0A68 /* LaunchScreen.storyboard */; };
		ED97BFA42CAB63D5008E0A68 /* JuegosViewController.swift in Sources */ = {isa = PBXBuildFile; fileRef = ED97BFA32CAB63D5008E0A68 /* JuegosViewController.swift */; };
/* End PBXBuildFile section */

/* Begin PBXFileReference section */
		ED97BF892CAB554F008E0A68 /* ChuchulloColeccionDeJuegos.app */ = {isa = PBXFileReference; explicitFileType = wrapper.application; includeInIndex = 0; path = ChuchulloColeccionDeJuegos.app; sourceTree = BUILT_PRODUCTS_DIR; };
		ED97BF8C2CAB554F008E0A68 /* AppDelegate.swift */ = {isa = PBXFileReference; lastKnownFileType = sourcecode.swift; path = AppDelegate.swift; sourceTree = "<group>"; };
		ED97BF8E2CAB554F008E0A68 /* SceneDelegate.swift */ = {isa = PBXFileReference; lastKnownFileType = sourcecode.swift; path = SceneDelegate.swift; sourceTree = "<group>"; };
		ED97BF902CAB554F008E0A68 /* ViewController.swift */ = {isa = PBXFileReference; lastKnownFileType = sourcecode.swift; path = ViewController.swift; sourceTree = "<group>"; };
		ED97BF932CAB554F008E0A68 /* Base */ = {isa = PBXFileReference; lastKnownFileType = file.storyboard; name = Base; path = Base.lproj/Main.storyboard; sourceTree = "<group>"; };
		ED97BF962CAB554F008E0A68 /* ChuchulloColeccionDeJuegos.xcdatamodel */ = {isa = PBXFileReference; lastKnownFileType = wrapper.xcdatamodel; path = ChuchulloColeccionDeJuegos.xcdatamodel; sourceTree = "<group>"; };
		ED97BF982CAB5555008E0A68 /* Assets.xcassets */ = {isa = PBXFileReference; lastKnownFileType = folder.assetcatalog; path = Assets.xcassets; sourceTree = "<group>"; };
		ED97BF9B2CAB5555008E0A68 /* Base */ = {isa = PBXFileReference; lastKnownFileType = file.storyboard; name = Base; path = Base.lproj/LaunchScreen.storyboard; sourceTree = "<group>"; };
		ED97BF9D2CAB5555008E0A68 /* Info.plist */ = {isa = PBXFileReference; lastKnownFileType = text.plist.xml; path = Info.plist; sourceTree = "<group>"; };
		ED97BFA32CAB63D5008E0A68 /* JuegosViewController.swift */ = {isa = PBXFileReference; lastKnownFileType = sourcecode.swift; path = JuegosViewController.swift; sourceTree = "<group>"; };
/* End PBXFileReference section */

/* Begin PBXFrameworksBuildPhase section */
		ED97BF862CAB554F008E0A68 /* Frameworks */ = {
			isa = PBXFrameworksBuildPhase;
			buildActionMask = 2147483647;
			files = (
			);
			runOnlyForDeploymentPostprocessing = 0;
		};
/* End PBXFrameworksBuildPhase section */

/* Begin PBXGroup section */
		ED97BF802CAB554F008E0A68 = {
			isa = PBXGroup;
			children = (
				ED97BF8B2CAB554F008E0A68 /* ChuchulloColeccionDeJuegos */,
				ED97BF8A2CAB554F008E0A68 /* Products */,
			);
			sourceTree = "<group>";
		};
		ED97BF8A2CAB554F008E0A68 /* Products */ = {
			isa = PBXGroup;
			children = (
				ED97BF892CAB554F008E0A68 /* ChuchulloColeccionDeJuegos.app */,
			);
			name = Products;
			sourceTree = "<group>";
		};
		ED97BF8B2CAB554F008E0A68 /* ChuchulloColeccionDeJuegos */ = {
			isa = PBXGroup;
			children = (
				ED97BF8C2CAB554F008E0A68 /* AppDelegate.swift */,
				ED97BF8E2CAB554F008E0A68 /* SceneDelegate.swift */,
				ED97BF902CAB554F008E0A68 /* ViewController.swift */,
				ED97BF922CAB554F008E0A68 /* Main.storyboard */,
				ED97BFA32CAB63D5008E0A68 /* JuegosViewController.swift */,
				ED97BF982CAB5555008E0A68 /* Assets.xcassets */,
				ED97BF9A2CAB5555008E0A68 /* LaunchScreen.storyboard */,
				ED97BF9D2CAB5555008E0A68 /* Info.plist */,
				ED97BF952CAB554F008E0A68 /* ChuchulloColeccionDeJuegos.xcdatamodeld */,
			);
			path = ChuchulloColeccionDeJuegos;
			sourceTree = "<group>";
		};
/* End PBXGroup section */

/* Begin PBXNativeTarget section */
		ED97BF882CAB554F008E0A68 /* ChuchulloColeccionDeJuegos */ = {
			isa = PBXNativeTarget;
			buildConfigurationList = ED97BFA02CAB5555008E0A68 /* Build configuration list for PBXNativeTarget "ChuchulloColeccionDeJuegos" */;
			buildPhases = (
				ED97BF852CAB554F008E0A68 /* Sources */,
				ED97BF862CAB554F008E0A68 /* Frameworks */,
				ED97BF872CAB554F008E0A68 /* Resources */,
			);
			buildRules = (
			);
			dependencies = (
			);
			name = ChuchulloColeccionDeJuegos;
			productName = ChuchulloColeccionDeJuegos;
			productReference = ED97BF892CAB554F008E0A68 /* ChuchulloColeccionDeJuegos.app */;
			productType = "com.apple.product-type.application";
		};
/* End PBXNativeTarget section */

/* Begin PBXProject section */
		ED97BF812CAB554F008E0A68 /* Project object */ = {
			isa = PBXProject;
			attributes = {
				BuildIndependentTargetsInParallel = 1;
				LastSwiftUpdateCheck = 1330;
				LastUpgradeCheck = 1330;
				TargetAttributes = {
					ED97BF882CAB554F008E0A68 = {
						CreatedOnToolsVersion = 13.3;
					};
				};
			};
			buildConfigurationList = ED97BF842CAB554F008E0A68 /* Build configuration list for PBXProject "ChuchulloColeccionDeJuegos" */;
			compatibilityVersion = "Xcode 13.0";
			developmentRegion = en;
			hasScannedForEncodings = 0;
			knownRegions = (
				en,
				Base,
			);
			mainGroup = ED97BF802CAB554F008E0A68;
			productRefGroup = ED97BF8A2CAB554F008E0A68 /* Products */;
			projectDirPath = "";
			projectRoot = "";
			targets = (
				ED97BF882CAB554F008E0A68 /* ChuchulloColeccionDeJuegos */,
			);
		};
/* End PBXProject section */

/* Begin PBXResourcesBuildPhase section */
		ED97BF872CAB554F008E0A68 /* Resources */ = {
			isa = PBXResourcesBuildPhase;
			buildActionMask = 2147483647;
			files = (
				ED97BF9C2CAB5555008E0A68 /* LaunchScreen.storyboard in Resources */,
				ED97BF992CAB5555008E0A68 /* Assets.xcassets in Resources */,
				ED97BF942CAB554F008E0A68 /* Main.storyboard in Resources */,
			);
			runOnlyForDeploymentPostprocessing = 0;
		};
/* End PBXResourcesBuildPhase section */

/* Begin PBXSourcesBuildPhase section */
		ED97BF852CAB554F008E0A68 /* Sources */ = {
			isa = PBXSourcesBuildPhase;
			buildActionMask = 2147483647;
			files = (
				ED97BFA42CAB63D5008E0A68 /* JuegosViewController.swift in Sources */,
				ED97BF912CAB554F008E0A68 /* ViewController.swift in Sources */,
				ED97BF8D2CAB554F008E0A68 /* AppDelegate.swift in Sources */,
				ED97BF8F2CAB554F008E0A68 /* SceneDelegate.swift in Sources */,
				ED97BF972CAB554F008E0A68 /* ChuchulloColeccionDeJuegos.xcdatamodeld in Sources */,
			);
			runOnlyForDeploymentPostprocessing = 0;
		};
/* End PBXSourcesBuildPhase section */

/* Begin PBXVariantGroup section */
		ED97BF922CAB554F008E0A68 /* Main.storyboard */ = {
			isa = PBXVariantGroup;
			children = (
				ED97BF932CAB554F008E0A68 /* Base */,
			);
			name = Main.storyboard;
			sourceTree = "<group>";
		};
		ED97BF9A2CAB5555008E0A68 /* LaunchScreen.storyboard */ = {
			isa = PBXVariantGroup;
			children = (
				ED97BF9B2CAB5555008E0A68 /* Base */,
			);
			name = LaunchScreen.storyboard;
			sourceTree = "<group>";
		};
/* End PBXVariantGroup section */

/* Begin XCBuildConfiguration section */
		ED97BF9E2CAB5555008E0A68 /* Debug */ = {
			isa = XCBuildConfiguration;
			buildSettings = {
				ALWAYS_SEARCH_USER_PATHS = NO;
				CLANG_ANALYZER_NONNULL = YES;
				CLANG_ANALYZER_NUMBER_OBJECT_CONVERSION = YES_AGGRESSIVE;
				CLANG_CXX_LANGUAGE_STANDARD = "gnu++17";
				CLANG_ENABLE_MODULES = YES;
				CLANG_ENABLE_OBJC_ARC = YES;
				CLANG_ENABLE_OBJC_WEAK = YES;
				CLANG_WARN_BLOCK_CAPTURE_AUTORELEASING = YES;
				CLANG_WARN_BOOL_CONVERSION = YES;
				CLANG_WARN_COMMA = YES;
				CLANG_WARN_CONSTANT_CONVERSION = YES;
				CLANG_WARN_DEPRECATED_OBJC_IMPLEMENTATIONS = YES;
				CLANG_WARN_DIRECT_OBJC_ISA_USAGE = YES_ERROR;
				CLANG_WARN_DOCUMENTATION_COMMENTS = YES;
				CLANG_WARN_EMPTY_BODY = YES;
				CLANG_WARN_ENUM_CONVERSION = YES;
				CLANG_WARN_INFINITE_RECURSION = YES;
				CLANG_WARN_INT_CONVERSION = YES;
				CLANG_WARN_NON_LITERAL_NULL_CONVERSION = YES;
				CLANG_WARN_OBJC_IMPLICIT_RETAIN_SELF = YES;
				CLANG_WARN_OBJC_LITERAL_CONVERSION = YES;
				CLANG_WARN_OBJC_ROOT_CLASS = YES_ERROR;
				CLANG_WARN_QUOTED_INCLUDE_IN_FRAMEWORK_HEADER = YES;
				CLANG_WARN_RANGE_LOOP_ANALYSIS = YES;
				CLANG_WARN_STRICT_PROTOTYPES = YES;
				CLANG_WARN_SUSPICIOUS_MOVE = YES;
				CLANG_WARN_UNGUARDED_AVAILABILITY = YES_AGGRESSIVE;
				CLANG_WARN_UNREACHABLE_CODE = YES;
				CLANG_WARN__DUPLICATE_METHOD_MATCH = YES;
				COPY_PHASE_STRIP = NO;
				DEBUG_INFORMATION_FORMAT = dwarf;
				ENABLE_STRICT_OBJC_MSGSEND = YES;
				ENABLE_TESTABILITY = YES;
				GCC_C_LANGUAGE_STANDARD = gnu11;
				GCC_DYNAMIC_NO_PIC = NO;
				GCC_NO_COMMON_BLOCKS = YES;
				GCC_OPTIMIZATION_LEVEL = 0;
				GCC_PREPROCESSOR_DEFINITIONS = (
					"DEBUG=1",
					"$(inherited)",
				);
				GCC_WARN_64_TO_32_BIT_CONVERSION = YES;
				GCC_WARN_ABOUT_RETURN_TYPE = YES_ERROR;
				GCC_WARN_UNDECLARED_SELECTOR = YES;
				GCC_WARN_UNINITIALIZED_AUTOS = YES_AGGRESSIVE;
				GCC_WARN_UNUSED_FUNCTION = YES;
				GCC_WARN_UNUSED_VARIABLE = YES;
				IPHONEOS_DEPLOYMENT_TARGET = 15.4;
				MTL_ENABLE_DEBUG_INFO = INCLUDE_SOURCE;
				MTL_FAST_MATH = YES;
				ONLY_ACTIVE_ARCH = YES;
				SDKROOT = iphoneos;
				SWIFT_ACTIVE_COMPILATION_CONDITIONS = DEBUG;
				SWIFT_OPTIMIZATION_LEVEL = "-Onone";
			};
			name = Debug;
		};
		ED97BF9F2CAB5555008E0A68 /* Release */ = {
			isa = XCBuildConfiguration;
			buildSettings = {
				ALWAYS_SEARCH_USER_PATHS = NO;
				CLANG_ANALYZER_NONNULL = YES;
				CLANG_ANALYZER_NUMBER_OBJECT_CONVERSION = YES_AGGRESSIVE;
				CLANG_CXX_LANGUAGE_STANDARD = "gnu++17";
				CLANG_ENABLE_MODULES = YES;
				CLANG_ENABLE_OBJC_ARC = YES;
				CLANG_ENABLE_OBJC_WEAK = YES;
				CLANG_WARN_BLOCK_CAPTURE_AUTORELEASING = YES;
				CLANG_WARN_BOOL_CONVERSION = YES;
				CLANG_WARN_COMMA = YES;
				CLANG_WARN_CONSTANT_CONVERSION = YES;
				CLANG_WARN_DEPRECATED_OBJC_IMPLEMENTATIONS = YES;
				CLANG_WARN_DIRECT_OBJC_ISA_USAGE = YES_ERROR;
				CLANG_WARN_DOCUMENTATION_COMMENTS = YES;
				CLANG_WARN_EMPTY_BODY = YES;
				CLANG_WARN_ENUM_CONVERSION = YES;
				CLANG_WARN_INFINITE_RECURSION = YES;
				CLANG_WARN_INT_CONVERSION = YES;
				CLANG_WARN_NON_LITERAL_NULL_CONVERSION = YES;
				CLANG_WARN_OBJC_IMPLICIT_RETAIN_SELF = YES;
				CLANG_WARN_OBJC_LITERAL_CONVERSION = YES;
				CLANG_WARN_OBJC_ROOT_CLASS = YES_ERROR;
				CLANG_WARN_QUOTED_INCLUDE_IN_FRAMEWORK_HEADER = YES;
				CLANG_WARN_RANGE_LOOP_ANALYSIS = YES;
				CLANG_WARN_STRICT_PROTOTYPES = YES;
				CLANG_WARN_SUSPICIOUS_MOVE = YES;
				CLANG_WARN_UNGUARDED_AVAILABILITY = YES_AGGRESSIVE;
				CLANG_WARN_UNREACHABLE_CODE = YES;
				CLANG_WARN__DUPLICATE_METHOD_MATCH = YES;
				COPY_PHASE_STRIP = NO;
				DEBUG_INFORMATION_FORMAT = "dwarf-with-dsym";
				ENABLE_NS_ASSERTIONS = NO;
				ENABLE_STRICT_OBJC_MSGSEND = YES;
				GCC_C_LANGUAGE_STANDARD = gnu11;
				GCC_NO_COMMON_BLOCKS = YES;
				GCC_WARN_64_TO_32_BIT_CONVERSION = YES;
				GCC_WARN_ABOUT_RETURN_TYPE = YES_ERROR;
				GCC_WARN_UNDECLARED_SELECTOR = YES;
				GCC_WARN_UNINITIALIZED_AUTOS = YES_AGGRESSIVE;
				GCC_WARN_UNUSED_FUNCTION = YES;
				GCC_WARN_UNUSED_VARIABLE = YES;
				IPHONEOS_DEPLOYMENT_TARGET = 15.4;
				MTL_ENABLE_DEBUG_INFO = NO;
				MTL_FAST_MATH = YES;
				SDKROOT = iphoneos;
				SWIFT_COMPILATION_MODE = wholemodule;
				SWIFT_OPTIMIZATION_LEVEL = "-O";
				VALIDATE_PRODUCT = YES;
			};
			name = Release;
		};
		ED97BFA12CAB5555008E0A68 /* Debug */ = {
			isa = XCBuildConfiguration;
			buildSettings = {
				ASSETCATALOG_COMPILER_APPICON_NAME = AppIcon;
				ASSETCATALOG_COMPILER_GLOBAL_ACCENT_COLOR_NAME = AccentColor;
				CODE_SIGN_STYLE = Automatic;
				CURRENT_PROJECT_VERSION = 1;
				GENERATE_INFOPLIST_FILE = YES;
				INFOPLIST_FILE = ChuchulloColeccionDeJuegos/Info.plist;
				INFOPLIST_KEY_UIApplicationSupportsIndirectInputEvents = YES;
				INFOPLIST_KEY_UILaunchStoryboardName = LaunchScreen;
				INFOPLIST_KEY_UIMainStoryboardFile = Main;
				INFOPLIST_KEY_UISupportedInterfaceOrientations_iPad = "UIInterfaceOrientationPortrait UIInterfaceOrientationPortraitUpsideDown UIInterfaceOrientationLandscapeLeft UIInterfaceOrientationLandscapeRight";
				INFOPLIST_KEY_UISupportedInterfaceOrientations_iPhone = "UIInterfaceOrientationPortrait UIInterfaceOrientationLandscapeLeft UIInterfaceOrientationLandscapeRight";
				LD_RUNPATH_SEARCH_PATHS = (
					"$(inherited)",
					"@executable_path/Frameworks",
				);
				MARKETING_VERSION = 1.0;
				PRODUCT_BUNDLE_IDENTIFIER = com.miempresa.ChuchulloColeccionDeJuegos;
				PRODUCT_NAME = "$(TARGET_NAME)";
				SWIFT_EMIT_LOC_STRINGS = YES;
				SWIFT_VERSION = 5.0;
				TARGETED_DEVICE_FAMILY = "1,2";
			};
			name = Debug;
		};
		ED97BFA22CAB5555008E0A68 /* Release */ = {
			isa = XCBuildConfiguration;
			buildSettings = {
				ASSETCATALOG_COMPILER_APPICON_NAME = AppIcon;
				ASSETCATALOG_COMPILER_GLOBAL_ACCENT_COLOR_NAME = AccentColor;
				CODE_SIGN_STYLE = Automatic;
				CURRENT_PROJECT_VERSION = 1;
				GENERATE_INFOPLIST_FILE = YES;
				INFOPLIST_FILE = ChuchulloColeccionDeJuegos/Info.plist;
				INFOPLIST_KEY_UIApplicationSupportsIndirectInputEvents = YES;
				INFOPLIST_KEY_UILaunchStoryboardName = LaunchScreen;
				INFOPLIST_KEY_UIMainStoryboardFile = Main;
				INFOPLIST_KEY_UISupportedInterfaceOrientations_iPad = "UIInterfaceOrientationPortrait UIInterfaceOrientationPortraitUpsideDown UIInterfaceOrientationLandscapeLeft UIInterfaceOrientationLandscapeRight";
				INFOPLIST_KEY_UISupportedInterfaceOrientations_iPhone = "UIInterfaceOrientationPortrait UIInterfaceOrientationLandscapeLeft UIInterfaceOrientationLandscapeRight";
				LD_RUNPATH_SEARCH_PATHS = (
					"$(inherited)",
					"@executable_path/Frameworks",
				);
				MARKETING_VERSION = 1.0;
				PRODUCT_BUNDLE_IDENTIFIER = com.miempresa.ChuchulloColeccionDeJuegos;
				PRODUCT_NAME = "$(TARGET_NAME)";
				SWIFT_EMIT_LOC_STRINGS = YES;
				SWIFT_VERSION = 5.0;
				TARGETED_DEVICE_FAMILY = "1,2";
			};
			name = Release;
		};
/* End XCBuildConfiguration section */

/* Begin XCConfigurationList section */
		ED97BF842CAB554F008E0A68 /* Build configuration list for PBXProject "ChuchulloColeccionDeJuegos" */ = {
			isa = XCConfigurationList;
			buildConfigurations = (
				ED97BF9E2CAB5555008E0A68 /* Debug */,
				ED97BF9F2CAB5555008E0A68 /* Release */,
			);
			defaultConfigurationIsVisible = 0;
			defaultConfigurationName = Release;
		};
		ED97BFA02CAB5555008E0A68 /* Build configuration list for PBXNativeTarget "ChuchulloColeccionDeJuegos" */ = {
			isa = XCConfigurationList;
			buildConfigurations = (
				ED97BFA12CAB5555008E0A68 /* Debug */,
				ED97BFA22CAB5555008E0A68 /* Release */,
			);
			defaultConfigurationIsVisible = 0;
			defaultConfigurationName = Release;
		};
/* End XCConfigurationList section */

/* Begin XCVersionGroup section */
		ED97BF952CAB554F008E0A68 /* ChuchulloColeccionDeJuegos.xcdatamodeld */ = {
			isa = XCVersionGroup;
			children = (
				ED97BF962CAB554F008E0A68 /* ChuchulloColeccionDeJuegos.xcdatamodel */,
			);
			currentVersion = ED97BF962CAB554F008E0A68 /* ChuchulloColeccionDeJuegos.xcdatamodel */;
			path = ChuchulloColeccionDeJuegos.xcdatamodeld;
			sourceTree = "<group>";
			versionGroupType = wrapper.xcdatamodel;
		};
/* End XCVersionGroup section */
	};
	rootObject = ED97BF812CAB554F008E0A68 /* Project object */;
}
